
Microsoft Visual Studio Solution File, Format Version 12.00
# Visual Studio 15
VisualStudioVersion = 15.0.27130.2027
MinimumVisualStudioVersion = 10.0.40219.1
Project("{FAE04EC0-301F-11D3-BF4B-00C04F79EFBC}") = "LibForge", "LibForge\LibForge.csproj", "{3684B7E6-0978-487A-895C-D0ED8F6B7B9A}"
EndProject
Project("{FAE04EC0-301F-11D3-BF4B-00C04F79EFBC}") = "ForgeTool", "ForgeTool\ForgeTool.csproj", "{CB848B8C-A1B6-4777-A674-D3E5C255AAC1}"
EndProject
Project("{FAE04EC0-301F-11D3-BF4B-00C04F79EFBC}") = "ForgeToolGUI", "ForgeToolGUI\ForgeToolGUI.csproj", "{233099F7-0471-4064-B000-F6DDE21E64E6}"
EndProject
Project("{FAE04EC0-301F-11D3-BF4B-00C04F79EFBC}") = "LibForgeTests", "LibForgeTests\LibForgeTests.csproj", "{DB683EFE-A4DE-4A8C-BD78-30B84787A027}"
EndProject
Project("{FAE04EC0-301F-11D3-BF4B-00C04F79EFBC}") = "GameArchives", "..\Dependencies\GameArchives\Library\GameArchives.csproj", "{906748F0-3A55-4B20-BCCB-9DC7187F1D5E}"
EndProject
Project("{FAE04EC0-301F-11D3-BF4B-00C04F79EFBC}") = "LibOrbisPkg", "..\Dependencies\LibOrbisPkg\LibOrbisPkg\LibOrbisPkg.csproj", "{B053F491-FF0F-4CBB-B03B-520591BB0441}"
EndProject
Global
	GlobalSection(SolutionConfigurationPlatforms) = preSolution
		Debug|Any CPU = Debug|Any CPU
		Release|Any CPU = Release|Any CPU
		Release-minimal|Any CPU = Release-minimal|Any CPU
	EndGlobalSection
	GlobalSection(ProjectConfigurationPlatforms) = postSolution
		{3684B7E6-0978-487A-895C-D0ED8F6B7B9A}.Debug|Any CPU.ActiveCfg = Debug|Any CPU
		{3684B7E6-0978-487A-895C-D0ED8F6B7B9A}.Debug|Any CPU.Build.0 = Debug|Any CPU
		{3684B7E6-0978-487A-895C-D0ED8F6B7B9A}.Release|Any CPU.ActiveCfg = Release|Any CPU
		{3684B7E6-0978-487A-895C-D0ED8F6B7B9A}.Release|Any CPU.Build.0 = Release|Any CPU
		{3684B7E6-0978-487A-895C-D0ED8F6B7B9A}.Release-minimal|Any CPU.ActiveCfg = Release|Any CPU
		{3684B7E6-0978-487A-895C-D0ED8F6B7B9A}.Release-minimal|Any CPU.Build.0 = Release|Any CPU
		{CB848B8C-A1B6-4777-A674-D3E5C255AAC1}.Debug|Any CPU.ActiveCfg = Debug|Any CPU
		{CB848B8C-A1B6-4777-A674-D3E5C255AAC1}.Debug|Any CPU.Build.0 = Debug|Any CPU
		{CB848B8C-A1B6-4777-A674-D3E5C255AAC1}.Release|Any CPU.ActiveCfg = Release|Any CPU
		{CB848B8C-A1B6-4777-A674-D3E5C255AAC1}.Release|Any CPU.Build.0 = Release|Any CPU
		{CB848B8C-A1B6-4777-A674-D3E5C255AAC1}.Release-minimal|Any CPU.ActiveCfg = Release|Any CPU
		{CB848B8C-A1B6-4777-A674-D3E5C255AAC1}.Release-minimal|Any CPU.Build.0 = Release|Any CPU
		{233099F7-0471-4064-B000-F6DDE21E64E6}.Debug|Any CPU.ActiveCfg = Debug|Any CPU
		{233099F7-0471-4064-B000-F6DDE21E64E6}.Debug|Any CPU.Build.0 = Debug|Any CPU
		{233099F7-0471-4064-B000-F6DDE21E64E6}.Release|Any CPU.ActiveCfg = Release|Any CPU
		{233099F7-0471-4064-B000-F6DDE21E64E6}.Release|Any CPU.Build.0 = Release|Any CPU
		{233099F7-0471-4064-B000-F6DDE21E64E6}.Release-minimal|Any CPU.ActiveCfg = Release|Any CPU
		{233099F7-0471-4064-B000-F6DDE21E64E6}.Release-minimal|Any CPU.Build.0 = Release|Any CPU
		{DB683EFE-A4DE-4A8C-BD78-30B84787A027}.Debug|Any CPU.ActiveCfg = Debug|Any CPU
		{DB683EFE-A4DE-4A8C-BD78-30B84787A027}.Debug|Any CPU.Build.0 = Debug|Any CPU
		{DB683EFE-A4DE-4A8C-BD78-30B84787A027}.Release|Any CPU.ActiveCfg = Release|Any CPU
		{DB683EFE-A4DE-4A8C-BD78-30B84787A027}.Release|Any CPU.Build.0 = Release|Any CPU
		{DB683EFE-A4DE-4A8C-BD78-30B84787A027}.Release-minimal|Any CPU.ActiveCfg = Release|Any CPU
		{DB683EFE-A4DE-4A8C-BD78-30B84787A027}.Release-minimal|Any CPU.Build.0 = Release|Any CPU
		{906748F0-3A55-4B20-BCCB-9DC7187F1D5E}.Debug|Any CPU.ActiveCfg = Debug|Any CPU
		{906748F0-3A55-4B20-BCCB-9DC7187F1D5E}.Debug|Any CPU.Build.0 = Debug|Any CPU
		{906748F0-3A55-4B20-BCCB-9DC7187F1D5E}.Release|Any CPU.ActiveCfg = Release|Any CPU
		{906748F0-3A55-4B20-BCCB-9DC7187F1D5E}.Release|Any CPU.Build.0 = Release|Any CPU
		{906748F0-3A55-4B20-BCCB-9DC7187F1D5E}.Release-minimal|Any CPU.ActiveCfg = Release-minimal|Any CPU
		{906748F0-3A55-4B20-BCCB-9DC7187F1D5E}.Release-minimal|Any CPU.Build.0 = Release-minimal|Any CPU
		{B053F491-FF0F-4CBB-B03B-520591BB0441}.Debug|Any CPU.ActiveCfg = Debug|Any CPU
		{B053F491-FF0F-4CBB-B03B-520591BB0441}.Debug|Any CPU.Build.0 = Debug|Any CPU
		{B053F491-FF0F-4CBB-B03B-520591BB0441}.Release|Any CPU.ActiveCfg = Release|Any CPU
		{B053F491-FF0F-4CBB-B03B-520591BB0441}.Release|Any CPU.Build.0 = Release|Any CPU
		{B053F491-FF0F-4CBB-B03B-520591BB0441}.Release-minimal|Any CPU.ActiveCfg = Release|Any CPU
		{B053F491-FF0F-4CBB-B03B-520591BB0441}.Release-minimal|Any CPU.Build.0 = Release|Any CPU
	EndGlobalSection
	GlobalSection(SolutionProperties) = preSolution
		HideSolutionNode = FALSE
	EndGlobalSection
	GlobalSection(ExtensibilityGlobals) = postSolution
		SolutionGuid = {361789AF-FA0C-458A-8AE3-2AC3F559CBC0}
	EndGlobalSection
EndGlobal
